
Microsoft Visual Studio Solution File, Format Version 12.00
# Visual Studio Version 17
VisualStudioVersion = 17.13.35931.197 d17.13
MinimumVisualStudioVersion = 10.0.40219.1
Project("{54A90642-561A-4BB1-A94E-469ADEE60C69}") = "app.interview.client", "app.interview.client\app.interview.client.esproj", "{3C49F4B9-4B38-95F2-E273-B58E17218002}"
EndProject
Project("{FAE04EC0-301F-11D3-BF4B-00C04F79EFBC}") = "App.Interview.Server", "App.Interview.Server\App.Interview.Server.csproj", "{7D152C75-E2FA-493D-96EF-7468FE8FA223}"
EndProject
Global
	GlobalSection(SolutionConfigurationPlatforms) = preSolution
		Debug|Any CPU = Debug|Any CPU
		Release|Any CPU = Release|Any CPU
	EndGlobalSection
	GlobalSection(ProjectConfigurationPlatforms) = postSolution
		{3C49F4B9-4B38-95F2-E273-B58E17218002}.Debug|Any CPU.ActiveCfg = Debug|Any CPU
		{3C49F4B9-4B38-95F2-E273-B58E17218002}.Debug|Any CPU.Build.0 = Debug|Any CPU
		{3C49F4B9-4B38-95F2-E273-B58E17218002}.Debug|Any CPU.Deploy.0 = Debug|Any CPU
		{3C49F4B9-4B38-95F2-E273-B58E17218002}.Release|Any CPU.ActiveCfg = Release|Any CPU
		{3C49F4B9-4B38-95F2-E273-B58E17218002}.Release|Any CPU.Build.0 = Release|Any CPU
		{3C49F4B9-4B38-95F2-E273-B58E17218002}.Release|Any CPU.Deploy.0 = Release|Any CPU
		{7D152C75-E2FA-493D-96EF-7468FE8FA223}.Debug|Any CPU.ActiveCfg = Debug|Any CPU
		{7D152C75-E2FA-493D-96EF-7468FE8FA223}.Debug|Any CPU.Build.0 = Debug|Any CPU
		{7D152C75-E2FA-493D-96EF-7468FE8FA223}.Release|Any CPU.ActiveCfg = Release|Any CPU
		{7D152C75-E2FA-493D-96EF-7468FE8FA223}.Release|Any CPU.Build.0 = Release|Any CPU
	EndGlobalSection
	GlobalSection(SolutionProperties) = preSolution
		HideSolutionNode = FALSE
	EndGlobalSection
	GlobalSection(ExtensibilityGlobals) = postSolution
		SolutionGuid = {7C99A2A5-6BAE-4F2D-B16E-15C72191CCEB}
	EndGlobalSection
EndGlobal
